{
  "name": "synapse-hugh-runtime",
  "version": "1.0.0",
  "lockfileVersion": 3,
  "requires": true,
  "packages": {
    "": {
      "name": "synapse-hugh-runtime",
      "version": "1.0.0",
      "license": "UNLICENSED",
      "dependencies": {},
      "engines": {
        "node": ">=24.0.0"
      }
    }
  }
}
